
Microsoft Visual Studio Solution File, Format Version 11.00
# Visual Studio 2010
Project("{FAE04EC0-301F-11D3-BF4B-00C04F79EFBC}") = "YJKP Curve Display", "YJKP Curve Display\YJKP Curve Display.csproj", "{EFE7DFCC-E893-44A7-A759-E5131F457BD5}"
EndProject
Global
	GlobalSection(SolutionConfigurationPlatforms) = preSolution
		Debug|Any CPU = Debug|Any CPU
		Release|Any CPU = Release|Any CPU
	EndGlobalSection
	GlobalSection(ProjectConfigurationPlatforms) = postSolution
		{EFE7DFCC-E893-44A7-A759-E5131F457BD5}.Debug|Any CPU.ActiveCfg = Debug|Any CPU
		{EFE7DFCC-E893-44A7-A759-E5131F457BD5}.Debug|Any CPU.Build.0 = Debug|Any CPU
		{EFE7DFCC-E893-44A7-A759-E5131F457BD5}.Release|Any CPU.ActiveCfg = Release|Any CPU
		{EFE7DFCC-E893-44A7-A759-E5131F457BD5}.Release|Any CPU.Build.0 = Release|Any CPU
	EndGlobalSection
	GlobalSection(SolutionProperties) = preSolution
		HideSolutionNode = FALSE
	EndGlobalSection
EndGlobal
